{
  "version": 4,
  "terraform_version": "1.3.7",
  "serial": 4,
  "lineage": "94ff8f79-b49b-c200-d303-e985761d8079",
  "outputs": {},
  "resources": [
    {
      "mode": "managed",
      "type": "github_repository",
      "name": "this",
      "provider": "provider[\"registry.terraform.io/integrations/github\"]",
      "instances": [
        {
          "schema_version": 1,
          "attributes": {
            "allow_auto_merge": false,
            "allow_merge_commit": true,
            "allow_rebase_merge": true,
            "allow_squash_merge": true,
            "allow_update_branch": false,
            "archive_on_destroy": null,
            "archived": false,
            "auto_init": false,
            "default_branch": "main",
            "delete_branch_on_merge": false,
            "description": "Code and infrastructure for nido surf",
            "etag": "W/\"faa49f0e573adc4ec8d3c3bfac7a62494856c2ce0e7f11989736cca01d3aa564\"",
            "full_name": "Olgoetz/nido-surf",
            "git_clone_url": "git://github.com/Olgoetz/nido-surf.git",
            "gitignore_template": null,
            "has_discussions": false,
            "has_downloads": false,
            "has_issues": false,
            "has_projects": false,
            "has_wiki": false,
            "homepage_url": "https://surfspiritfun.de",
            "html_url": "https://github.com/Olgoetz/nido-surf",
            "http_clone_url": "https://github.com/Olgoetz/nido-surf.git",
            "id": "nido-surf",
            "ignore_vulnerability_alerts_during_read": null,
            "is_template": false,
            "license_template": null,
            "merge_commit_message": "PR_TITLE",
            "merge_commit_title": "MERGE_MESSAGE",
            "name": "nido-surf",
            "node_id": "R_kgDOI8C3Hg",
            "pages": [],
            "private": false,
            "repo_id": 599832350,
            "security_and_analysis": [
              {
                "advanced_security": [],
                "secret_scanning": [
                  {
                    "status": "disabled"
                  }
                ],
                "secret_scanning_push_protection": [
                  {
                    "status": "disabled"
                  }
                ]
              }
            ],
            "squash_merge_commit_message": "COMMIT_MESSAGES",
            "squash_merge_commit_title": "COMMIT_OR_PR_TITLE",
            "ssh_clone_url": "git@github.com:Olgoetz/nido-surf.git",
            "svn_url": "https://github.com/Olgoetz/nido-surf",
            "template": [],
            "topics": [],
            "visibility": "public",
            "vulnerability_alerts": false
          },
          "sensitive_attributes": [],
          "private": "eyJzY2hlbWFfdmVyc2lvbiI6IjEifQ=="
        }
      ]
    },
    {
      "mode": "managed",
      "type": "vercel_project",
      "name": "landing_page",
      "provider": "provider[\"registry.terraform.io/vercel/vercel\"]",
      "instances": [
        {
          "schema_version": 0,
          "attributes": {
            "build_command": null,
            "dev_command": null,
            "environment": null,
            "framework": "nextjs",
            "git_repository": {
              "production_branch": "main",
              "repo": "Olgoetz/nido-surf",
              "type": "github"
            },
            "id": "prj_BxVVRbG6NqrTj9OuBzl7dNhVfilC",
            "ignore_command": null,
            "install_command": null,
            "name": "nido-surf",
            "output_directory": null,
            "public_source": null,
            "root_directory": null,
            "serverless_function_region": "fra1",
            "team_id": null
          },
          "sensitive_attributes": []
        }
      ]
    }
  ],
  "check_results": null
}
